
Microsoft Visual Studio Solution File, Format Version 12.00
Project("{FAE04EC0-301F-11D3-BF4B-00C04F79EFBC}") = "Top100Processor", "Top100Processor\Top100Processor.csproj", "{570B08E8-B324-4AEF-B77A-F86DFC401B42}"
EndProject
Global
	GlobalSection(SolutionConfigurationPlatforms) = preSolution
		Debug|Any CPU = Debug|Any CPU
		Release|Any CPU = Release|Any CPU
	EndGlobalSection
	GlobalSection(ProjectConfigurationPlatforms) = postSolution
		{570B08E8-B324-4AEF-B77A-F86DFC401B42}.Debug|Any CPU.ActiveCfg = Debug|Any CPU
		{570B08E8-B324-4AEF-B77A-F86DFC401B42}.Debug|Any CPU.Build.0 = Debug|Any CPU
		{570B08E8-B324-4AEF-B77A-F86DFC401B42}.Release|Any CPU.ActiveCfg = Release|Any CPU
		{570B08E8-B324-4AEF-B77A-F86DFC401B42}.Release|Any CPU.Build.0 = Release|Any CPU
	EndGlobalSection
EndGlobal
